
Microsoft Visual Studio Solution File, Format Version 11.00
# Visual Studio 2010
Project("{FAE04EC0-301F-11D3-BF4B-00C04F79EFBC}") = "Muvykive.Web.UI", "Muvykive.Web.UI\Muvykive.Web.UI.csproj", "{4B28A2B5-F358-4F82-86B9-54A95D93C5B3}"
	ProjectSection(ProjectDependencies) = postProject
		{F1FD69F7-5C2E-4BB9-8737-193112D5B0BC} = {F1FD69F7-5C2E-4BB9-8737-193112D5B0BC}
	EndProjectSection
EndProject
Project("{FAE04EC0-301F-11D3-BF4B-00C04F79EFBC}") = "Muvykive.Repository", "Muvykive.Repository\Muvykive.Repository.csproj", "{C652B578-3E5A-4D0F-B324-EC9D4AC616C8}"
	ProjectSection(ProjectDependencies) = postProject
		{546DAE8A-0577-450A-8BDB-594F9E1C2356} = {546DAE8A-0577-450A-8BDB-594F9E1C2356}
	EndProjectSection
EndProject
Project("{FAE04EC0-301F-11D3-BF4B-00C04F79EFBC}") = "Muvykive.Model", "Muvykive.Model\Muvykive.Model.csproj", "{546DAE8A-0577-450A-8BDB-594F9E1C2356}"
EndProject
Project("{FAE04EC0-301F-11D3-BF4B-00C04F79EFBC}") = "Muvykive.Services", "Muvykive.Service\Muvykive.Services.csproj", "{F1FD69F7-5C2E-4BB9-8737-193112D5B0BC}"
	ProjectSection(ProjectDependencies) = postProject
		{546DAE8A-0577-450A-8BDB-594F9E1C2356} = {546DAE8A-0577-450A-8BDB-594F9E1C2356}
	EndProjectSection
EndProject
Global
	GlobalSection(SolutionConfigurationPlatforms) = preSolution
		Debug|Any CPU = Debug|Any CPU
		Release|Any CPU = Release|Any CPU
	EndGlobalSection
	GlobalSection(ProjectConfigurationPlatforms) = postSolution
		{4B28A2B5-F358-4F82-86B9-54A95D93C5B3}.Debug|Any CPU.ActiveCfg = Debug|Any CPU
		{4B28A2B5-F358-4F82-86B9-54A95D93C5B3}.Debug|Any CPU.Build.0 = Debug|Any CPU
		{4B28A2B5-F358-4F82-86B9-54A95D93C5B3}.Release|Any CPU.ActiveCfg = Release|Any CPU
		{4B28A2B5-F358-4F82-86B9-54A95D93C5B3}.Release|Any CPU.Build.0 = Release|Any CPU
		{C652B578-3E5A-4D0F-B324-EC9D4AC616C8}.Debug|Any CPU.ActiveCfg = Debug|Any CPU
		{C652B578-3E5A-4D0F-B324-EC9D4AC616C8}.Debug|Any CPU.Build.0 = Debug|Any CPU
		{C652B578-3E5A-4D0F-B324-EC9D4AC616C8}.Release|Any CPU.ActiveCfg = Release|Any CPU
		{C652B578-3E5A-4D0F-B324-EC9D4AC616C8}.Release|Any CPU.Build.0 = Release|Any CPU
		{546DAE8A-0577-450A-8BDB-594F9E1C2356}.Debug|Any CPU.ActiveCfg = Debug|Any CPU
		{546DAE8A-0577-450A-8BDB-594F9E1C2356}.Debug|Any CPU.Build.0 = Debug|Any CPU
		{546DAE8A-0577-450A-8BDB-594F9E1C2356}.Release|Any CPU.ActiveCfg = Release|Any CPU
		{546DAE8A-0577-450A-8BDB-594F9E1C2356}.Release|Any CPU.Build.0 = Release|Any CPU
		{F1FD69F7-5C2E-4BB9-8737-193112D5B0BC}.Debug|Any CPU.ActiveCfg = Debug|Any CPU
		{F1FD69F7-5C2E-4BB9-8737-193112D5B0BC}.Debug|Any CPU.Build.0 = Debug|Any CPU
		{F1FD69F7-5C2E-4BB9-8737-193112D5B0BC}.Release|Any CPU.ActiveCfg = Release|Any CPU
		{F1FD69F7-5C2E-4BB9-8737-193112D5B0BC}.Release|Any CPU.Build.0 = Release|Any CPU
	EndGlobalSection
	GlobalSection(SolutionProperties) = preSolution
		HideSolutionNode = FALSE
	EndGlobalSection
EndGlobal
